
Microsoft Visual Studio Solution File, Format Version 11.00
# Visual Studio 2010
# SharpDevelop 5.1
Project("{FAE04EC0-301F-11D3-BF4B-00C04F79EFBC}") = "Algoritmos y Programación", "Algoritmos y Programación\Algoritmos y Programación.csproj", "{3B23EFA6-9B63-4A38-A39D-09A1C4EB3985}"
EndProject
Project("{FAE04EC0-301F-11D3-BF4B-00C04F79EFBC}") = "Practica1", "Practica1\Practica1.csproj", "{0C2F96C3-79AE-4AF4-BC0A-1C56D7681781}"
EndProject
Project("{FAE04EC0-301F-11D3-BF4B-00C04F79EFBC}") = "Ejercicios de Clases", "Ejercicios de Clases\Ejercicios de Clases.csproj", "{95B0214F-6FFD-474C-8F30-353CF836A40E}"
EndProject
Project("{FAE04EC0-301F-11D3-BF4B-00C04F79EFBC}") = "ProyectoIntegrador", "ProyectoIntegrador\ProyectoIntegrador.csproj", "{3B964FB1-484C-485A-B823-9ABF902E59B5}"
EndProject
Project("{FAE04EC0-301F-11D3-BF4B-00C04F79EFBC}") = "Practica2", "Practica2\Practica2.csproj", "{46266B7E-EE6C-4DFE-BB06-BCCAD6A2214C}"
EndProject
Global
	GlobalSection(SolutionConfigurationPlatforms) = preSolution
		Debug|Any CPU = Debug|Any CPU
		Release|Any CPU = Release|Any CPU
	EndGlobalSection
	GlobalSection(ProjectConfigurationPlatforms) = postSolution
		{3B23EFA6-9B63-4A38-A39D-09A1C4EB3985}.Debug|Any CPU.ActiveCfg = Debug|Any CPU
		{3B23EFA6-9B63-4A38-A39D-09A1C4EB3985}.Debug|Any CPU.Build.0 = Debug|Any CPU
		{3B23EFA6-9B63-4A38-A39D-09A1C4EB3985}.Release|Any CPU.ActiveCfg = Release|Any CPU
		{3B23EFA6-9B63-4A38-A39D-09A1C4EB3985}.Release|Any CPU.Build.0 = Release|Any CPU
		{0C2F96C3-79AE-4AF4-BC0A-1C56D7681781}.Debug|Any CPU.ActiveCfg = Debug|Any CPU
		{0C2F96C3-79AE-4AF4-BC0A-1C56D7681781}.Debug|Any CPU.Build.0 = Debug|Any CPU
		{0C2F96C3-79AE-4AF4-BC0A-1C56D7681781}.Release|Any CPU.ActiveCfg = Release|Any CPU
		{0C2F96C3-79AE-4AF4-BC0A-1C56D7681781}.Release|Any CPU.Build.0 = Release|Any CPU
		{95B0214F-6FFD-474C-8F30-353CF836A40E}.Debug|Any CPU.ActiveCfg = Debug|Any CPU
		{95B0214F-6FFD-474C-8F30-353CF836A40E}.Debug|Any CPU.Build.0 = Debug|Any CPU
		{95B0214F-6FFD-474C-8F30-353CF836A40E}.Release|Any CPU.ActiveCfg = Release|Any CPU
		{95B0214F-6FFD-474C-8F30-353CF836A40E}.Release|Any CPU.Build.0 = Release|Any CPU
		{3B964FB1-484C-485A-B823-9ABF902E59B5}.Debug|Any CPU.ActiveCfg = Debug|Any CPU
		{3B964FB1-484C-485A-B823-9ABF902E59B5}.Debug|Any CPU.Build.0 = Debug|Any CPU
		{3B964FB1-484C-485A-B823-9ABF902E59B5}.Release|Any CPU.ActiveCfg = Release|Any CPU
		{3B964FB1-484C-485A-B823-9ABF902E59B5}.Release|Any CPU.Build.0 = Release|Any CPU
		{46266B7E-EE6C-4DFE-BB06-BCCAD6A2214C}.Debug|Any CPU.ActiveCfg = Debug|Any CPU
		{46266B7E-EE6C-4DFE-BB06-BCCAD6A2214C}.Debug|Any CPU.Build.0 = Debug|Any CPU
		{46266B7E-EE6C-4DFE-BB06-BCCAD6A2214C}.Release|Any CPU.ActiveCfg = Release|Any CPU
		{46266B7E-EE6C-4DFE-BB06-BCCAD6A2214C}.Release|Any CPU.Build.0 = Release|Any CPU
	EndGlobalSection
EndGlobal
